
Microsoft Visual Studio Solution File, Format Version 12.00
# Visual Studio 15
VisualStudioVersion = 15.0.28307.421
MinimumVisualStudioVersion = 10.0.40219.1
Project("{8BC9CEB8-8B4A-11D0-8D11-00A0C91BC942}") = "matchmaker", "matchmaker\matchmaker.vcxproj", "{FDBB373C-C729-4270-B727-625B9E5C30F3}"
EndProject
Global
	GlobalSection(SolutionConfigurationPlatforms) = preSolution
		Debug|x64 = Debug|x64
		Debug|x86 = Debug|x86
		Release|x64 = Release|x64
		Release|x86 = Release|x86
	EndGlobalSection
	GlobalSection(ProjectConfigurationPlatforms) = postSolution
		{FDBB373C-C729-4270-B727-625B9E5C30F3}.Debug|x64.ActiveCfg = Debug|x64
		{FDBB373C-C729-4270-B727-625B9E5C30F3}.Debug|x64.Build.0 = Debug|x64
		{FDBB373C-C729-4270-B727-625B9E5C30F3}.Debug|x86.ActiveCfg = Debug|Win32
		{FDBB373C-C729-4270-B727-625B9E5C30F3}.Debug|x86.Build.0 = Debug|Win32
		{FDBB373C-C729-4270-B727-625B9E5C30F3}.Release|x64.ActiveCfg = Release|x64
		{FDBB373C-C729-4270-B727-625B9E5C30F3}.Release|x64.Build.0 = Release|x64
		{FDBB373C-C729-4270-B727-625B9E5C30F3}.Release|x86.ActiveCfg = Release|Win32
		{FDBB373C-C729-4270-B727-625B9E5C30F3}.Release|x86.Build.0 = Release|Win32
	EndGlobalSection
	GlobalSection(SolutionProperties) = preSolution
		HideSolutionNode = FALSE
	EndGlobalSection
	GlobalSection(ExtensibilityGlobals) = postSolution
		SolutionGuid = {C094361E-CDB4-4D0E-BC3B-413C698E82FB}
	EndGlobalSection
EndGlobal
